
Microsoft Visual Studio Solution File, Format Version 12.00
# Visual Studio Version 17
VisualStudioVersion = 17.7.34018.315
MinimumVisualStudioVersion = 10.0.40219.1
Project("{9A19103F-16F7-4668-BE54-9A1E7A4F7556}") = "MarketplaceApi", "MarketplaceApi\MarketplaceApi.csproj", "{CF86D911-3D40-4D9C-B578-6CE386604500}"
EndProject
Project("{FAE04EC0-301F-11D3-BF4B-00C04F79EFBC}") = "DataLibrary", "DataLibrary\DataLibrary.csproj", "{8C2E6BAF-380A-4EFE-AEB1-D94ADF324A93}"
EndProject
Global
	GlobalSection(SolutionConfigurationPlatforms) = preSolution
		Debug|Any CPU = Debug|Any CPU
		Release|Any CPU = Release|Any CPU
	EndGlobalSection
	GlobalSection(ProjectConfigurationPlatforms) = postSolution
		{CF86D911-3D40-4D9C-B578-6CE386604500}.Debug|Any CPU.ActiveCfg = Debug|Any CPU
		{CF86D911-3D40-4D9C-B578-6CE386604500}.Debug|Any CPU.Build.0 = Debug|Any CPU
		{CF86D911-3D40-4D9C-B578-6CE386604500}.Release|Any CPU.ActiveCfg = Release|Any CPU
		{CF86D911-3D40-4D9C-B578-6CE386604500}.Release|Any CPU.Build.0 = Release|Any CPU
		{8C2E6BAF-380A-4EFE-AEB1-D94ADF324A93}.Debug|Any CPU.ActiveCfg = Debug|Any CPU
		{8C2E6BAF-380A-4EFE-AEB1-D94ADF324A93}.Debug|Any CPU.Build.0 = Debug|Any CPU
		{8C2E6BAF-380A-4EFE-AEB1-D94ADF324A93}.Release|Any CPU.ActiveCfg = Release|Any CPU
		{8C2E6BAF-380A-4EFE-AEB1-D94ADF324A93}.Release|Any CPU.Build.0 = Release|Any CPU
	EndGlobalSection
	GlobalSection(SolutionProperties) = preSolution
		HideSolutionNode = FALSE
	EndGlobalSection
	GlobalSection(ExtensibilityGlobals) = postSolution
		SolutionGuid = {46340B46-F332-4F99-8528-AC08F2B0C304}
	EndGlobalSection
EndGlobal
